# THIS IS AN AUTOGENERATED FILE. DO NOT EDIT THIS FILE DIRECTLY.
# yarn lockfile v1


"@asteasolutions/zod-to-openapi@^6.2.0":
  version "6.2.0"
  resolved "https://registry.yarnpkg.com/@asteasolutions/zod-to-openapi/-/zod-to-openapi-6.2.0.tgz#8ffe9f989b9431e715ffca95b17e45be5a703573"
  integrity sha512-OhHyV/IxbDKJQJ9NJKRV5kcCyFDbZ/4HvZQXaqihWup8TirLp5od7t7idgQgj9/Gs0ltJ1Q/HLCH1eWeX/oEYg==
  dependencies:
    openapi3-ts "^4.1.2"

"@prisma/client@5.5.2":
  version "5.5.2"
  resolved "https://registry.yarnpkg.com/@prisma/client/-/client-5.5.2.tgz#ce6389e7ad9e9cf0fc2a7c6a0032ad2e12a9fd61"
  integrity sha512-54XkqR8M+fxbzYqe+bIXimYnkkcGqgOh0dn0yWtIk6CQT4IUCAvNFNcQZwk2KqaLU+/1PHTSWrcHtx4XjluR5w==
  dependencies:
    "@prisma/engines-version" "5.5.1-1.aebc046ce8b88ebbcb45efe31cbe7d06fd6abc0a"

"@prisma/debug@5.5.2":
  version "5.5.2"
  resolved "https://registry.yarnpkg.com/@prisma/debug/-/debug-5.5.2.tgz#25fc82ac13dff7491f136fad45a49e114effb148"
  integrity sha512-OeyuNABo1dgWHIQuJAdvW5qp5ccFfbI0CKNvdg8D34YWOfo6L+4J0gmnRI/j+h40HvM3S5WH2T8e3W9bPa7EVg==
  dependencies:
    "@types/debug" "4.1.9"
    debug "4.3.4"
    strip-ansi "6.0.1"

"@prisma/engines-version@5.5.1-1.aebc046ce8b88ebbcb45efe31cbe7d06fd6abc0a":
  version "5.5.1-1.aebc046ce8b88ebbcb45efe31cbe7d06fd6abc0a"
  resolved "https://registry.yarnpkg.com/@prisma/engines-version/-/engines-version-5.5.1-1.aebc046ce8b88ebbcb45efe31cbe7d06fd6abc0a.tgz#35cd59ed65ee1f9e333f4865ec86a4432c4d0a9c"
  integrity sha512-O+qHFnZvAyOFk1tUco2/VdiqS0ym42a3+6CYLScllmnpbyiTplgyLt2rK/B9BTjYkSHjrgMhkG47S0oqzdIckA==

"@prisma/engines@5.5.2":
  version "5.5.2"
  resolved "https://registry.yarnpkg.com/@prisma/engines/-/engines-5.5.2.tgz#fe0d2361a48c7d59568ccf0d35c75432594e1ac1"
  integrity sha512-Be5hoNF8k+lkB3uEMiCHbhbfF6aj1GnrTBnn5iYFT7GEr3TsOEp1soviEcBR0tYCgHbxjcIxJMhdbvxALJhAqg==

"@prisma/generator-helper@^5.5.2":
  version "5.5.2"
  resolved "https://registry.yarnpkg.com/@prisma/generator-helper/-/generator-helper-5.5.2.tgz#259089b857bf4a32075e0e4bf76b35add6b81021"
  integrity sha512-qQz4JfhjjMs+C/dbZUoGAU+JV685Qe72iGonDM0c9H05A5s5MCWj5wV2kVi1/DNiy7jkfqGGM7bX8k0/8yO0FQ==
  dependencies:
    "@prisma/debug" "5.5.2"
    "@types/cross-spawn" "6.0.3"
    cross-spawn "7.0.3"
    kleur "4.1.5"

"@types/cross-spawn@6.0.3":
  version "6.0.3"
  resolved "https://registry.yarnpkg.com/@types/cross-spawn/-/cross-spawn-6.0.3.tgz#c743cb2608f55860ee9776d8c99135d6032c763c"
  integrity sha512-BDAkU7WHHRHnvBf5z89lcvACsvkz/n7Tv+HyD/uW76O29HoH1Tk/W6iQrepaZVbisvlEek4ygwT8IW7ow9XLAA==
  dependencies:
    "@types/node" "*"

"@types/debug@4.1.9":
  version "4.1.9"
  resolved "https://registry.yarnpkg.com/@types/debug/-/debug-4.1.9.tgz#906996938bc672aaf2fb8c0d3733ae1dda05b005"
  integrity sha512-8Hz50m2eoS56ldRlepxSBa6PWEVCtzUo/92HgLc2qTMnotJNIm7xP+UZhyWoYsyOdd5dxZ+NZLb24rsKyFs2ow==
  dependencies:
    "@types/ms" "*"

"@types/ms@*":
  version "0.7.34"
  resolved "https://registry.yarnpkg.com/@types/ms/-/ms-0.7.34.tgz#10964ba0dee6ac4cd462e2795b6bebd407303433"
  integrity sha512-nG96G3Wp6acyAgJqGasjODb+acrI7KltPiRxzHPXnP3NgI28bpQDRv53olbqGXbfcgF5aiiHmO3xpwEpS5Ld9g==

"@types/node@*":
  version "20.9.0"
  resolved "https://registry.yarnpkg.com/@types/node/-/node-20.9.0.tgz#bfcdc230583aeb891cf51e73cfdaacdd8deae298"
  integrity sha512-nekiGu2NDb1BcVofVcEKMIwzlx4NjHlcjhoxxKBNLtz15Y1z7MYf549DFvkHSId02Ax6kGwWntIBPC3l/JZcmw==
  dependencies:
    undici-types "~5.26.4"

ansi-regex@^5.0.1:
  version "5.0.1"
  resolved "https://registry.yarnpkg.com/ansi-regex/-/ansi-regex-5.0.1.tgz#082cb2c89c9fe8659a311a53bd6a4dc5301db304"
  integrity sha512-quJQXlTSUGL2LH9SUXo8VwsY4soanhgo6LNSm84E1LBcE8s3O0wpdiRzyR9z/ZZJMlMWv37qOOb9pdJlMUEKFQ==

code-block-writer@^12.0.0:
  version "12.0.0"
  resolved "https://registry.yarnpkg.com/code-block-writer/-/code-block-writer-12.0.0.tgz#4dd58946eb4234105aff7f0035977b2afdc2a770"
  integrity sha512-q4dMFMlXtKR3XNBHyMHt/3pwYNA69EDk00lloMOaaUMKPUXBw6lpXtbu3MMVG6/uOihGnRDOlkyqsONEUj60+w==

cross-spawn@7.0.3:
  version "7.0.3"
  resolved "https://registry.yarnpkg.com/cross-spawn/-/cross-spawn-7.0.3.tgz#f73a85b9d5d41d045551c177e2882d4ac85728a6"
  integrity sha512-iRDPJKUPVEND7dHPO8rkbOnPpyDygcDFtWjpeWNCgy8WP2rXcxXL8TskReQl6OrB2G7+UJrags1q15Fudc7G6w==
  dependencies:
    path-key "^3.1.0"
    shebang-command "^2.0.0"
    which "^2.0.1"

debug@4.3.4:
  version "4.3.4"
  resolved "https://registry.yarnpkg.com/debug/-/debug-4.3.4.tgz#1319f6579357f2338d3337d2cdd4914bb5dcc865"
  integrity sha512-PRWFHuSU3eDtQJPvnNY7Jcket1j0t5OuOsFzPPzsekD52Zl8qUfFIPEiswXqIvHWGVHOgX+7G/vCNNhehwxfkQ==
  dependencies:
    ms "2.1.2"

isexe@^2.0.0:
  version "2.0.0"
  resolved "https://registry.yarnpkg.com/isexe/-/isexe-2.0.0.tgz#e8fbf374dc556ff8947a10dcb0572d633f2cfa10"
  integrity sha512-RHxMLp9lnKHGHRng9QFhRCMbYAcVpn69smSGcq3f36xjgVVWThj4qqLbTLlq7Ssj8B+fIQ1EuCEGI2lKsyQeIw==

kleur@4.1.5:
  version "4.1.5"
  resolved "https://registry.yarnpkg.com/kleur/-/kleur-4.1.5.tgz#95106101795f7050c6c650f350c683febddb1780"
  integrity sha512-o+NO+8WrRiQEE4/7nwRJhN1HWpVmJm511pBHUxPLtp0BUISzlBplORYSmTclCnJvQq2tKu/sgl3xVpkc7ZWuQQ==

lodash@^4.17.21:
  version "4.17.21"
  resolved "https://registry.yarnpkg.com/lodash/-/lodash-4.17.21.tgz#679591c564c3bffaae8454cf0b3df370c3d6911c"
  integrity sha512-v2kDEe57lecTulaDIuNTPy3Ry4gLGJ6Z1O3vE1krgXZNrsQ+LFTGHVxVjcXPs17LhbZVGedAJv8XZ1tvj5FvSg==

ms@2.1.2:
  version "2.1.2"
  resolved "https://registry.yarnpkg.com/ms/-/ms-2.1.2.tgz#d09d1f357b443f493382a8eb3ccd183872ae6009"
  integrity sha512-sGkPx+VjMtmA6MX27oA4FBFELFCZZ4S4XqeGOXCv68tT+jb3vk/RyaKWP0PTKyWtmLSM0b+adUTEvbs1PEaH2w==

openapi3-ts@^4.1.2:
  version "4.1.2"
  resolved "https://registry.yarnpkg.com/openapi3-ts/-/openapi3-ts-4.1.2.tgz#f15cd4794e3a7c9b388fd45dfbefc78501f7043e"
  integrity sha512-B7gOkwsYMZO7BZXwJzXCuVagym2xhqsrilVvV0dnq2Di4+iLUXKVX9gOK23ZqaAHZOwABXN0QTdW8QnkUTX6DA==
  dependencies:
    yaml "^2.2.2"

path-key@^3.1.0:
  version "3.1.1"
  resolved "https://registry.yarnpkg.com/path-key/-/path-key-3.1.1.tgz#581f6ade658cbba65a0d3380de7753295054f375"
  integrity sha512-ojmeN0qd+y0jszEtoY48r0Peq5dwMEkIlCOu6Q5f41lfkswXuKtYrhgoTpLnyIcHm24Uhqx+5Tqm2InSwLhE6Q==

prisma@^5.5.2:
  version "5.5.2"
  resolved "https://registry.yarnpkg.com/prisma/-/prisma-5.5.2.tgz#54ad2f04f0dd4174f27128e4447013e8d75c4d69"
  integrity sha512-WQtG6fevOL053yoPl6dbHV+IWgKo25IRN4/pwAGqcWmg7CrtoCzvbDbN9fXUc7QS2KK0LimHIqLsaCOX/vHl8w==
  dependencies:
    "@prisma/engines" "5.5.2"

shebang-command@^2.0.0:
  version "2.0.0"
  resolved "https://registry.yarnpkg.com/shebang-command/-/shebang-command-2.0.0.tgz#ccd0af4f8835fbdc265b82461aaf0c36663f34ea"
  integrity sha512-kHxr2zZpYtdmrN1qDjrrX/Z1rR1kG8Dx+gkpK1G4eXmvXswmcE1hTWBWYUzlraYw1/yZp6YuDY77YtvbN0dmDA==
  dependencies:
    shebang-regex "^3.0.0"

shebang-regex@^3.0.0:
  version "3.0.0"
  resolved "https://registry.yarnpkg.com/shebang-regex/-/shebang-regex-3.0.0.tgz#ae16f1644d873ecad843b0307b143362d4c42172"
  integrity sha512-7++dFhtcx3353uBaq8DDR4NuxBetBzC7ZQOhmTQInHEd6bSrXdiEyzCvG07Z44UYdLShWUyXt5M/yhz8ekcb1A==

strip-ansi@6.0.1:
  version "6.0.1"
  resolved "https://registry.yarnpkg.com/strip-ansi/-/strip-ansi-6.0.1.tgz#9e26c63d30f53443e9489495b2105d37b67a85d9"
  integrity sha512-Y38VPSHcqkFrCpFnQ9vuSXmquuv5oXOKpGeT6aGrr3o3Gc9AlVa6JBfUSOCnbxGGZF+/0ooI7KrPuUSztUdU5A==
  dependencies:
    ansi-regex "^5.0.1"

typescript@^5.2.2:
  version "5.2.2"
  resolved "https://registry.yarnpkg.com/typescript/-/typescript-5.2.2.tgz#5ebb5e5a5b75f085f22bc3f8460fba308310fa78"
  integrity sha512-mI4WrpHsbCIcwT9cF4FZvr80QUeKvsUsUvKDoR+X/7XHQH98xYD8YHZg7ANtz2GtZt/CBq2QJ0thkGJMHfqc1w==

undici-types@~5.26.4:
  version "5.26.5"
  resolved "https://registry.yarnpkg.com/undici-types/-/undici-types-5.26.5.tgz#bcd539893d00b56e964fd2657a4866b221a65617"
  integrity sha512-JlCMO+ehdEIKqlFxk6IfVoAUVmgz7cU7zD/h9XZ0qzeosSHmUJVOzSQvvYSYWXkFXC+IfLKSIffhv0sVZup6pA==

which@^2.0.1:
  version "2.0.2"
  resolved "https://registry.yarnpkg.com/which/-/which-2.0.2.tgz#7c6a8dd0a636a0327e10b59c9286eee93f3f51b1"
  integrity sha512-BLI3Tl1TW3Pvl70l3yq3Y64i+awpwXqsGBYWkkqMtnbXgrMD+yj7rhW0kuEDxzJaYXGjEW5ogapKNMEKNMjibA==
  dependencies:
    isexe "^2.0.0"

yaml@^2.2.2, yaml@^2.3.4:
  version "2.3.4"
  resolved "https://registry.yarnpkg.com/yaml/-/yaml-2.3.4.tgz#53fc1d514be80aabf386dc6001eb29bf3b7523b2"
  integrity sha512-8aAvwVUSHpfEqTQ4w/KMlf3HcRdt50E5ODIQJBw1fQ5RL34xabzxtUlzTXVqc4rkZsPbvrXKWnABCD7kWSmocA==

zod-prisma-types@^3.1.4:
  version "3.1.4"
  resolved "https://registry.yarnpkg.com/zod-prisma-types/-/zod-prisma-types-3.1.4.tgz#9cb4a36958984ffbaa6f7414a10e62bb12e82d7a"
  integrity sha512-5Bnz9HtCZgXZucyLmK/BsUIWikwufYbd6sTJrU87mIyE50vTL92rpgonbwUrRQNRnfKx9n2WC2XrGH1a3JdILg==
  dependencies:
    "@prisma/generator-helper" "^5.5.2"
    code-block-writer "^12.0.0"
    lodash "^4.17.21"
    zod "^3.22.4"

zod@^3.22.4:
  version "3.22.4"
  resolved "https://registry.yarnpkg.com/zod/-/zod-3.22.4.tgz#f31c3a9386f61b1f228af56faa9255e845cf3fff"
  integrity sha512-iC+8Io04lddc+mVqQ9AZ7OQ2MrUKGN+oIQyq1vemgt46jwCwLfhq7/pwnBnNXXXZb8VTVLKwp9EDkx+ryxIWmg==
